
Microsoft Visual Studio Solution File, Format Version 12.00
Project("{FAE04EC0-301F-11D3-BF4B-00C04F79EFBC}") = "MiniLyoko", "MiniLyoko\MiniLyoko.csproj", "{F3F7BC45-92C3-4BD5-9E81-09A9D135E9AE}"
EndProject
Global
	GlobalSection(SolutionConfigurationPlatforms) = preSolution
		Debug|Any CPU = Debug|Any CPU
		Release|Any CPU = Release|Any CPU
	EndGlobalSection
	GlobalSection(ProjectConfigurationPlatforms) = postSolution
		{F3F7BC45-92C3-4BD5-9E81-09A9D135E9AE}.Debug|Any CPU.ActiveCfg = Debug|Any CPU
		{F3F7BC45-92C3-4BD5-9E81-09A9D135E9AE}.Debug|Any CPU.Build.0 = Debug|Any CPU
		{F3F7BC45-92C3-4BD5-9E81-09A9D135E9AE}.Release|Any CPU.ActiveCfg = Release|Any CPU
		{F3F7BC45-92C3-4BD5-9E81-09A9D135E9AE}.Release|Any CPU.Build.0 = Release|Any CPU
	EndGlobalSection
EndGlobal
